
Microsoft Visual Studio Solution File, Format Version 12.00
# Visual Studio Version 16
VisualStudioVersion = 16.0.32106.194
MinimumVisualStudioVersion = 10.0.40219.1
Project("{FAE04EC0-301F-11D3-BF4B-00C04F79EFBC}") = "Calculator assignment", "Calculator assignment\Calculator assignment.csproj", "{C1BDFBF9-D6BC-42BD-8AFD-2F4D5B6C64AB}"
EndProject
Global
	GlobalSection(SolutionConfigurationPlatforms) = preSolution
		Debug|Any CPU = Debug|Any CPU
		Release|Any CPU = Release|Any CPU
	EndGlobalSection
	GlobalSection(ProjectConfigurationPlatforms) = postSolution
		{C1BDFBF9-D6BC-42BD-8AFD-2F4D5B6C64AB}.Debug|Any CPU.ActiveCfg = Debug|Any CPU
		{C1BDFBF9-D6BC-42BD-8AFD-2F4D5B6C64AB}.Debug|Any CPU.Build.0 = Debug|Any CPU
		{C1BDFBF9-D6BC-42BD-8AFD-2F4D5B6C64AB}.Release|Any CPU.ActiveCfg = Release|Any CPU
		{C1BDFBF9-D6BC-42BD-8AFD-2F4D5B6C64AB}.Release|Any CPU.Build.0 = Release|Any CPU
	EndGlobalSection
	GlobalSection(SolutionProperties) = preSolution
		HideSolutionNode = FALSE
	EndGlobalSection
	GlobalSection(ExtensibilityGlobals) = postSolution
		SolutionGuid = {7A8E975F-DAED-4F82-955A-554AB44B2204}
	EndGlobalSection
EndGlobal
